
Microsoft Visual Studio Solution File, Format Version 12.00
# Visual Studio 15
VisualStudioVersion = 15.0.28010.2041
MinimumVisualStudioVersion = 10.0.40219.1
Project("{FAE04EC0-301F-11D3-BF4B-00C04F79EFBC}") = "Lesson1 - SquareDigits 9119", "Lesson1\Lesson1 - SquareDigits 9119.csproj", "{A7068C8C-C41D-49CA-9A49-242BC6965B72}"
EndProject
Project("{FAE04EC0-301F-11D3-BF4B-00C04F79EFBC}") = "Lesson1(only System namespace) - SquareDigits 9119", "Lesson1(only System namespace) - SquareDigits 9119\Lesson1(only System namespace) - SquareDigits 9119.csproj", "{ECDF961D-72A9-4A2D-9DDE-3A632DE542E4}"
EndProject
Project("{FAE04EC0-301F-11D3-BF4B-00C04F79EFBC}") = "Lesson2 - Even or Odd", "Lesson2 - Even or Odd\Lesson2 - Even or Odd.csproj", "{5BC07966-4C05-4E29-87BF-1AE6F449C821}"
EndProject
Project("{FAE04EC0-301F-11D3-BF4B-00C04F79EFBC}") = "Lesson3 - Smallest number from Array", "Lesson3 - Smallest number from Array\Lesson3 - Smallest number from Array.csproj", "{2D4E3790-EB44-4187-9713-3B8655217A26}"
EndProject
Project("{2150E333-8FDC-42A3-9474-1A3956D46DE8}") = "Kata Items", "Kata Items", "{9CBD83C5-93D8-4D10-AEBD-A7784E309185}"
	ProjectSection(SolutionItems) = preProject
		Lesson3 onKata - Smallest number from Array.cs = Lesson3 onKata - Smallest number from Array.cs
		Lesson4 onKata - PrinterErrors.cs = Lesson4 onKata - PrinterErrors.cs
	EndProjectSection
EndProject
Project("{FAE04EC0-301F-11D3-BF4B-00C04F79EFBC}") = "Lesson3 - WorksAtErrors", "Lesson3 - WorksAtErrors\Lesson3 - WorksAtErrors.csproj", "{5E875ABA-B224-4FBF-8C15-0A5888217DAD}"
EndProject
Project("{FAE04EC0-301F-11D3-BF4B-00C04F79EFBC}") = "Lesson3 - BestSolutionFromKata", "Lesson3 - BestSolutionFromKata\Lesson3 - BestSolutionFromKata.csproj", "{899CD209-7803-4471-A3B5-EA2129D9A04E}"
EndProject
Project("{FAE04EC0-301F-11D3-BF4B-00C04F79EFBC}") = "Lesson4 - PrinterErrors", "Lesson4 - PrinterErrors\Lesson4 - PrinterErrors.csproj", "{3A71BE41-5002-44B8-BFEE-6651A2FE532E}"
EndProject
Project("{FAE04EC0-301F-11D3-BF4B-00C04F79EFBC}") = "Lesson4 - BestSolutionFromKata", "Lesson4 - BestSolutionFromKata\Lesson4 - BestSolutionFromKata.csproj", "{321B0A1B-5D22-4535-A933-4CF4C98E1C48}"
EndProject
Global
	GlobalSection(SolutionConfigurationPlatforms) = preSolution
		Debug|Any CPU = Debug|Any CPU
		Release|Any CPU = Release|Any CPU
	EndGlobalSection
	GlobalSection(ProjectConfigurationPlatforms) = postSolution
		{A7068C8C-C41D-49CA-9A49-242BC6965B72}.Debug|Any CPU.ActiveCfg = Debug|Any CPU
		{A7068C8C-C41D-49CA-9A49-242BC6965B72}.Debug|Any CPU.Build.0 = Debug|Any CPU
		{A7068C8C-C41D-49CA-9A49-242BC6965B72}.Release|Any CPU.ActiveCfg = Release|Any CPU
		{A7068C8C-C41D-49CA-9A49-242BC6965B72}.Release|Any CPU.Build.0 = Release|Any CPU
		{ECDF961D-72A9-4A2D-9DDE-3A632DE542E4}.Debug|Any CPU.ActiveCfg = Debug|Any CPU
		{ECDF961D-72A9-4A2D-9DDE-3A632DE542E4}.Debug|Any CPU.Build.0 = Debug|Any CPU
		{ECDF961D-72A9-4A2D-9DDE-3A632DE542E4}.Release|Any CPU.ActiveCfg = Release|Any CPU
		{ECDF961D-72A9-4A2D-9DDE-3A632DE542E4}.Release|Any CPU.Build.0 = Release|Any CPU
		{5BC07966-4C05-4E29-87BF-1AE6F449C821}.Debug|Any CPU.ActiveCfg = Debug|Any CPU
		{5BC07966-4C05-4E29-87BF-1AE6F449C821}.Debug|Any CPU.Build.0 = Debug|Any CPU
		{5BC07966-4C05-4E29-87BF-1AE6F449C821}.Release|Any CPU.ActiveCfg = Release|Any CPU
		{5BC07966-4C05-4E29-87BF-1AE6F449C821}.Release|Any CPU.Build.0 = Release|Any CPU
		{2D4E3790-EB44-4187-9713-3B8655217A26}.Debug|Any CPU.ActiveCfg = Debug|Any CPU
		{2D4E3790-EB44-4187-9713-3B8655217A26}.Debug|Any CPU.Build.0 = Debug|Any CPU
		{2D4E3790-EB44-4187-9713-3B8655217A26}.Release|Any CPU.ActiveCfg = Release|Any CPU
		{2D4E3790-EB44-4187-9713-3B8655217A26}.Release|Any CPU.Build.0 = Release|Any CPU
		{5E875ABA-B224-4FBF-8C15-0A5888217DAD}.Debug|Any CPU.ActiveCfg = Debug|Any CPU
		{5E875ABA-B224-4FBF-8C15-0A5888217DAD}.Debug|Any CPU.Build.0 = Debug|Any CPU
		{5E875ABA-B224-4FBF-8C15-0A5888217DAD}.Release|Any CPU.ActiveCfg = Release|Any CPU
		{5E875ABA-B224-4FBF-8C15-0A5888217DAD}.Release|Any CPU.Build.0 = Release|Any CPU
		{899CD209-7803-4471-A3B5-EA2129D9A04E}.Debug|Any CPU.ActiveCfg = Debug|Any CPU
		{899CD209-7803-4471-A3B5-EA2129D9A04E}.Debug|Any CPU.Build.0 = Debug|Any CPU
		{899CD209-7803-4471-A3B5-EA2129D9A04E}.Release|Any CPU.ActiveCfg = Release|Any CPU
		{899CD209-7803-4471-A3B5-EA2129D9A04E}.Release|Any CPU.Build.0 = Release|Any CPU
		{3A71BE41-5002-44B8-BFEE-6651A2FE532E}.Debug|Any CPU.ActiveCfg = Debug|Any CPU
		{3A71BE41-5002-44B8-BFEE-6651A2FE532E}.Debug|Any CPU.Build.0 = Debug|Any CPU
		{3A71BE41-5002-44B8-BFEE-6651A2FE532E}.Release|Any CPU.ActiveCfg = Release|Any CPU
		{3A71BE41-5002-44B8-BFEE-6651A2FE532E}.Release|Any CPU.Build.0 = Release|Any CPU
		{321B0A1B-5D22-4535-A933-4CF4C98E1C48}.Debug|Any CPU.ActiveCfg = Debug|Any CPU
		{321B0A1B-5D22-4535-A933-4CF4C98E1C48}.Debug|Any CPU.Build.0 = Debug|Any CPU
		{321B0A1B-5D22-4535-A933-4CF4C98E1C48}.Release|Any CPU.ActiveCfg = Release|Any CPU
		{321B0A1B-5D22-4535-A933-4CF4C98E1C48}.Release|Any CPU.Build.0 = Release|Any CPU
	EndGlobalSection
	GlobalSection(SolutionProperties) = preSolution
		HideSolutionNode = FALSE
	EndGlobalSection
	GlobalSection(ExtensibilityGlobals) = postSolution
		SolutionGuid = {8FD35831-480C-4EE0-A611-CC1571CBD087}
	EndGlobalSection
EndGlobal
