
Microsoft Visual Studio Solution File, Format Version 12.00
# Visual Studio 15
VisualStudioVersion = 15.0.28010.2041
MinimumVisualStudioVersion = 10.0.40219.1
Project("{FAE04EC0-301F-11D3-BF4B-00C04F79EFBC}") = "Lesson1 - SqureDigits 9119", "Lesson1\Lesson1 - SqureDigits 9119.csproj", "{A7068C8C-C41D-49CA-9A49-242BC6965B72}"
EndProject
Global
	GlobalSection(SolutionConfigurationPlatforms) = preSolution
		Debug|Any CPU = Debug|Any CPU
		Release|Any CPU = Release|Any CPU
	EndGlobalSection
	GlobalSection(ProjectConfigurationPlatforms) = postSolution
		{A7068C8C-C41D-49CA-9A49-242BC6965B72}.Debug|Any CPU.ActiveCfg = Debug|Any CPU
		{A7068C8C-C41D-49CA-9A49-242BC6965B72}.Debug|Any CPU.Build.0 = Debug|Any CPU
		{A7068C8C-C41D-49CA-9A49-242BC6965B72}.Release|Any CPU.ActiveCfg = Release|Any CPU
		{A7068C8C-C41D-49CA-9A49-242BC6965B72}.Release|Any CPU.Build.0 = Release|Any CPU
	EndGlobalSection
	GlobalSection(SolutionProperties) = preSolution
		HideSolutionNode = FALSE
	EndGlobalSection
	GlobalSection(ExtensibilityGlobals) = postSolution
		SolutionGuid = {8FD35831-480C-4EE0-A611-CC1571CBD087}
	EndGlobalSection
EndGlobal
